// !$*UTF8*$!
{
	archiveVersion = 1;
	classes = {
	};
	objectVersion = 50;
	objects = {

/* Begin PBXBuildFile section */
		A00658F524E9513C0025B8F6 /* AppDelegate.swift in Sources */ = {isa = PBXBuildFile; fileRef = A00658F424E9513C0025B8F6 /* AppDelegate.swift */; };
		A00658F724E9513C0025B8F6 /* SceneDelegate.swift in Sources */ = {isa = PBXBuildFile; fileRef = A00658F624E9513C0025B8F6 /* SceneDelegate.swift */; };
		A00658F924E9513C0025B8F6 /* ViewController.swift in Sources */ = {isa = PBXBuildFile; fileRef = A00658F824E9513C0025B8F6 /* ViewController.swift */; };
		A00658FC24E9513C0025B8F6 /* Main.storyboard in Resources */ = {isa = PBXBuildFile; fileRef = A00658FA24E9513C0025B8F6 /* Main.storyboard */; };
		A00658FE24E9513C0025B8F6 /* Assets.xcassets in Resources */ = {isa = PBXBuildFile; fileRef = A00658FD24E9513C0025B8F6 /* Assets.xcassets */; };
		A006590124E9513C0025B8F6 /* LaunchScreen.storyboard in Resources */ = {isa = PBXBuildFile; fileRef = A00658FF24E9513C0025B8F6 /* LaunchScreen.storyboard */; };
		A006590C24E9513C0025B8F6 /* testTests.swift in Sources */ = {isa = PBXBuildFile; fileRef = A006590B24E9513C0025B8F6 /* testTests.swift */; };
		A006591724E9513C0025B8F6 /* testUITests.swift in Sources */ = {isa = PBXBuildFile; fileRef = A006591624E9513C0025B8F6 /* testUITests.swift */; };
		A006592F24E98BF30025B8F6 /* tapeVieweController.swift in Sources */ = {isa = PBXBuildFile; fileRef = A006592E24E98BF30025B8F6 /* tapeVieweController.swift */; };
		A006593124E98C230025B8F6 /* chatViewController.swift in Sources */ = {isa = PBXBuildFile; fileRef = A006593024E98C230025B8F6 /* chatViewController.swift */; };
		A006593324E98C3F0025B8F6 /* infiViewController.swift in Sources */ = {isa = PBXBuildFile; fileRef = A006593224E98C3F0025B8F6 /* infiViewController.swift */; };
		A006593524EA94060025B8F6 /* TapeItems.swift in Sources */ = {isa = PBXBuildFile; fileRef = A006593424EA94060025B8F6 /* TapeItems.swift */; };
		A006593724EA94D70025B8F6 /* TapeItems.xib in Resources */ = {isa = PBXBuildFile; fileRef = A006593624EA94D70025B8F6 /* TapeItems.xib */; };
		A006593924EACF3B0025B8F6 /* tapeVieweController.swift in Sources */ = {isa = PBXBuildFile; fileRef = A006593824EACF3B0025B8F6 /* tapeVieweController.swift */; };
/* End PBXBuildFile section */

/* Begin PBXContainerItemProxy section */
		A006590824E9513C0025B8F6 /* PBXContainerItemProxy */ = {
			isa = PBXContainerItemProxy;
			containerPortal = A00658E924E9513C0025B8F6 /* Project object */;
			proxyType = 1;
			remoteGlobalIDString = A00658F024E9513C0025B8F6;
			remoteInfo = test;
		};
		A006591324E9513C0025B8F6 /* PBXContainerItemProxy */ = {
			isa = PBXContainerItemProxy;
			containerPortal = A00658E924E9513C0025B8F6 /* Project object */;
			proxyType = 1;
			remoteGlobalIDString = A00658F024E9513C0025B8F6;
			remoteInfo = test;
		};
/* End PBXContainerItemProxy section */

/* Begin PBXFileReference section */
		A00658F124E9513C0025B8F6 /* test.app */ = {isa = PBXFileReference; explicitFileType = wrapper.application; includeInIndex = 0; path = test.app; sourceTree = BUILT_PRODUCTS_DIR; };
		A00658F424E9513C0025B8F6 /* AppDelegate.swift */ = {isa = PBXFileReference; lastKnownFileType = sourcecode.swift; path = AppDelegate.swift; sourceTree = "<group>"; };
		A00658F624E9513C0025B8F6 /* SceneDelegate.swift */ = {isa = PBXFileReference; lastKnownFileType = sourcecode.swift; path = SceneDelegate.swift; sourceTree = "<group>"; };
		A00658F824E9513C0025B8F6 /* ViewController.swift */ = {isa = PBXFileReference; lastKnownFileType = sourcecode.swift; path = ViewController.swift; sourceTree = "<group>"; };
		A00658FB24E9513C0025B8F6 /* Base */ = {isa = PBXFileReference; lastKnownFileType = file.storyboard; name = Base; path = Base.lproj/Main.storyboard; sourceTree = "<group>"; };
		A00658FD24E9513C0025B8F6 /* Assets.xcassets */ = {isa = PBXFileReference; lastKnownFileType = folder.assetcatalog; path = Assets.xcassets; sourceTree = "<group>"; };
		A006590024E9513C0025B8F6 /* Base */ = {isa = PBXFileReference; lastKnownFileType = file.storyboard; name = Base; path = Base.lproj/LaunchScreen.storyboard; sourceTree = "<group>"; };
		A006590224E9513C0025B8F6 /* Info.plist */ = {isa = PBXFileReference; lastKnownFileType = text.plist.xml; path = Info.plist; sourceTree = "<group>"; };
		A006590724E9513C0025B8F6 /* testTests.xctest */ = {isa = PBXFileReference; explicitFileType = wrapper.cfbundle; includeInIndex = 0; path = testTests.xctest; sourceTree = BUILT_PRODUCTS_DIR; };
		A006590B24E9513C0025B8F6 /* testTests.swift */ = {isa = PBXFileReference; lastKnownFileType = sourcecode.swift; path = testTests.swift; sourceTree = "<group>"; };
		A006590D24E9513C0025B8F6 /* Info.plist */ = {isa = PBXFileReference; lastKnownFileType = text.plist.xml; path = Info.plist; sourceTree = "<group>"; };
		A006591224E9513C0025B8F6 /* testUITests.xctest */ = {isa = PBXFileReference; explicitFileType = wrapper.cfbundle; includeInIndex = 0; path = testUITests.xctest; sourceTree = BUILT_PRODUCTS_DIR; };
		A006591624E9513C0025B8F6 /* testUITests.swift */ = {isa = PBXFileReference; lastKnownFileType = sourcecode.swift; path = testUITests.swift; sourceTree = "<group>"; };
		A006591824E9513C0025B8F6 /* Info.plist */ = {isa = PBXFileReference; lastKnownFileType = text.plist.xml; path = Info.plist; sourceTree = "<group>"; };
		A006592E24E98BF30025B8F6 /* tapeVieweController.swift */ = {isa = PBXFileReference; lastKnownFileType = sourcecode.swift; path = tapeVieweController.swift; sourceTree = "<group>"; };
		A006593024E98C230025B8F6 /* chatViewController.swift */ = {isa = PBXFileReference; lastKnownFileType = sourcecode.swift; path = chatViewController.swift; sourceTree = "<group>"; };
		A006593224E98C3F0025B8F6 /* infiViewController.swift */ = {isa = PBXFileReference; lastKnownFileType = sourcecode.swift; path = infiViewController.swift; sourceTree = "<group>"; };
		A006593424EA94060025B8F6 /* TapeItems.swift */ = {isa = PBXFileReference; lastKnownFileType = sourcecode.swift; path = TapeItems.swift; sourceTree = "<group>"; };
		A006593624EA94D70025B8F6 /* TapeItems.xib */ = {isa = PBXFileReference; lastKnownFileType = file.xib; path = TapeItems.xib; sourceTree = "<group>"; };
		A006593824EACF3B0025B8F6 /* tapeVieweController.swift */ = {isa = PBXFileReference; fileEncoding = 4; lastKnownFileType = sourcecode.swift; name = tapeVieweController.swift; path = ../../testTabBar/tapeVieweController.swift; sourceTree = "<group>"; };
/* End PBXFileReference section */

/* Begin PBXFrameworksBuildPhase section */
		A00658EE24E9513C0025B8F6 /* Frameworks */ = {
			isa = PBXFrameworksBuildPhase;
			buildActionMask = 2147483647;
			files = (
			);
			runOnlyForDeploymentPostprocessing = 0;
		};
		A006590424E9513C0025B8F6 /* Frameworks */ = {
			isa = PBXFrameworksBuildPhase;
			buildActionMask = 2147483647;
			files = (
			);
			runOnlyForDeploymentPostprocessing = 0;
		};
		A006590F24E9513C0025B8F6 /* Frameworks */ = {
			isa = PBXFrameworksBuildPhase;
			buildActionMask = 2147483647;
			files = (
			);
			runOnlyForDeploymentPostprocessing = 0;
		};
/* End PBXFrameworksBuildPhase section */

/* Begin PBXGroup section */
		A00658E824E9513C0025B8F6 = {
			isa = PBXGroup;
			children = (
				A00658F324E9513C0025B8F6 /* test */,
				A006590A24E9513C0025B8F6 /* testTests */,
				A006591524E9513C0025B8F6 /* testUITests */,
				A00658F224E9513C0025B8F6 /* Products */,
			);
			sourceTree = "<group>";
		};
		A00658F224E9513C0025B8F6 /* Products */ = {
			isa = PBXGroup;
			children = (
				A00658F124E9513C0025B8F6 /* test.app */,
				A006590724E9513C0025B8F6 /* testTests.xctest */,
				A006591224E9513C0025B8F6 /* testUITests.xctest */,
			);
			name = Products;
			sourceTree = "<group>";
		};
		A00658F324E9513C0025B8F6 /* test */ = {
			isa = PBXGroup;
			children = (
				A00658F424E9513C0025B8F6 /* AppDelegate.swift */,
				A00658F624E9513C0025B8F6 /* SceneDelegate.swift */,
				A00658F824E9513C0025B8F6 /* ViewController.swift */,
				A00658FA24E9513C0025B8F6 /* Main.storyboard */,
				A00658FD24E9513C0025B8F6 /* Assets.xcassets */,
				A00658FF24E9513C0025B8F6 /* LaunchScreen.storyboard */,
				A006590224E9513C0025B8F6 /* Info.plist */,
				A006592E24E98BF30025B8F6 /* tapeVieweController.swift */,
				A006593824EACF3B0025B8F6 /* tapeVieweController.swift */,
				A006593024E98C230025B8F6 /* chatViewController.swift */,
				A006593224E98C3F0025B8F6 /* infiViewController.swift */,
				A006593424EA94060025B8F6 /* TapeItems.swift */,
				A006593624EA94D70025B8F6 /* TapeItems.xib */,
			);
			path = test;
			sourceTree = "<group>";
		};
		A006590A24E9513C0025B8F6 /* testTests */ = {
			isa = PBXGroup;
			children = (
				A006590B24E9513C0025B8F6 /* testTests.swift */,
				A006590D24E9513C0025B8F6 /* Info.plist */,
			);
			path = testTests;
			sourceTree = "<group>";
		};
		A006591524E9513C0025B8F6 /* testUITests */ = {
			isa = PBXGroup;
			children = (
				A006591624E9513C0025B8F6 /* testUITests.swift */,
				A006591824E9513C0025B8F6 /* Info.plist */,
			);
			path = testUITests;
			sourceTree = "<group>";
		};
/* End PBXGroup section */

/* Begin PBXNativeTarget section */
		A00658F024E9513C0025B8F6 /* test */ = {
			isa = PBXNativeTarget;
			buildConfigurationList = A006591B24E9513C0025B8F6 /* Build configuration list for PBXNativeTarget "test" */;
			buildPhases = (
				A00658ED24E9513C0025B8F6 /* Sources */,
				A00658EE24E9513C0025B8F6 /* Frameworks */,
				A00658EF24E9513C0025B8F6 /* Resources */,
			);
			buildRules = (
			);
			dependencies = (
			);
			name = test;
			productName = test;
			productReference = A00658F124E9513C0025B8F6 /* test.app */;
			productType = "com.apple.product-type.application";
		};
		A006590624E9513C0025B8F6 /* testTests */ = {
			isa = PBXNativeTarget;
			buildConfigurationList = A006591E24E9513C0025B8F6 /* Build configuration list for PBXNativeTarget "testTests" */;
			buildPhases = (
				A006590324E9513C0025B8F6 /* Sources */,
				A006590424E9513C0025B8F6 /* Frameworks */,
				A006590524E9513C0025B8F6 /* Resources */,
			);
			buildRules = (
			);
			dependencies = (
				A006590924E9513C0025B8F6 /* PBXTargetDependency */,
			);
			name = testTests;
			productName = testTests;
			productReference = A006590724E9513C0025B8F6 /* testTests.xctest */;
			productType = "com.apple.product-type.bundle.unit-test";
		};
		A006591124E9513C0025B8F6 /* testUITests */ = {
			isa = PBXNativeTarget;
			buildConfigurationList = A006592124E9513C0025B8F6 /* Build configuration list for PBXNativeTarget "testUITests" */;
			buildPhases = (
				A006590E24E9513C0025B8F6 /* Sources */,
				A006590F24E9513C0025B8F6 /* Frameworks */,
				A006591024E9513C0025B8F6 /* Resources */,
			);
			buildRules = (
			);
			dependencies = (
				A006591424E9513C0025B8F6 /* PBXTargetDependency */,
			);
			name = testUITests;
			productName = testUITests;
			productReference = A006591224E9513C0025B8F6 /* testUITests.xctest */;
			productType = "com.apple.product-type.bundle.ui-testing";
		};
/* End PBXNativeTarget section */

/* Begin PBXProject section */
		A00658E924E9513C0025B8F6 /* Project object */ = {
			isa = PBXProject;
			attributes = {
				LastSwiftUpdateCheck = 1160;
				LastUpgradeCheck = 1160;
				ORGANIZATIONNAME = "Hike Shatvoryan";
				TargetAttributes = {
					A00658F024E9513C0025B8F6 = {
						CreatedOnToolsVersion = 11.6;
					};
					A006590624E9513C0025B8F6 = {
						CreatedOnToolsVersion = 11.6;
						TestTargetID = A00658F024E9513C0025B8F6;
					};
					A006591124E9513C0025B8F6 = {
						CreatedOnToolsVersion = 11.6;
						TestTargetID = A00658F024E9513C0025B8F6;
					};
				};
			};
			buildConfigurationList = A00658EC24E9513C0025B8F6 /* Build configuration list for PBXProject "test" */;
			compatibilityVersion = "Xcode 9.3";
			developmentRegion = en;
			hasScannedForEncodings = 0;
			knownRegions = (
				en,
				Base,
			);
			mainGroup = A00658E824E9513C0025B8F6;
			productRefGroup = A00658F224E9513C0025B8F6 /* Products */;
			projectDirPath = "";
			projectRoot = "";
			targets = (
				A00658F024E9513C0025B8F6 /* test */,
				A006590624E9513C0025B8F6 /* testTests */,
				A006591124E9513C0025B8F6 /* testUITests */,
			);
		};
/* End PBXProject section */

/* Begin PBXResourcesBuildPhase section */
		A00658EF24E9513C0025B8F6 /* Resources */ = {
			isa = PBXResourcesBuildPhase;
			buildActionMask = 2147483647;
			files = (
				A006590124E9513C0025B8F6 /* LaunchScreen.storyboard in Resources */,
				A006593724EA94D70025B8F6 /* TapeItems.xib in Resources */,
				A00658FE24E9513C0025B8F6 /* Assets.xcassets in Resources */,
				A00658FC24E9513C0025B8F6 /* Main.storyboard in Resources */,
			);
			runOnlyForDeploymentPostprocessing = 0;
		};
		A006590524E9513C0025B8F6 /* Resources */ = {
			isa = PBXResourcesBuildPhase;
			buildActionMask = 2147483647;
			files = (
			);
			runOnlyForDeploymentPostprocessing = 0;
		};
		A006591024E9513C0025B8F6 /* Resources */ = {
			isa = PBXResourcesBuildPhase;
			buildActionMask = 2147483647;
			files = (
			);
			runOnlyForDeploymentPostprocessing = 0;
		};
/* End PBXResourcesBuildPhase section */

/* Begin PBXSourcesBuildPhase section */
		A00658ED24E9513C0025B8F6 /* Sources */ = {
			isa = PBXSourcesBuildPhase;
			buildActionMask = 2147483647;
			files = (
				A00658F924E9513C0025B8F6 /* ViewController.swift in Sources */,
				A006593524EA94060025B8F6 /* TapeItems.swift in Sources */,
				A006593924EACF3B0025B8F6 /* tapeVieweController.swift in Sources */,
				A006593124E98C230025B8F6 /* chatViewController.swift in Sources */,
				A006593324E98C3F0025B8F6 /* infiViewController.swift in Sources */,
				A00658F524E9513C0025B8F6 /* AppDelegate.swift in Sources */,
				A006592F24E98BF30025B8F6 /* tapeVieweController.swift in Sources */,
				A00658F724E9513C0025B8F6 /* SceneDelegate.swift in Sources */,
			);
			runOnlyForDeploymentPostprocessing = 0;
		};
		A006590324E9513C0025B8F6 /* Sources */ = {
			isa = PBXSourcesBuildPhase;
			buildActionMask = 2147483647;
			files = (
				A006590C24E9513C0025B8F6 /* testTests.swift in Sources */,
			);
			runOnlyForDeploymentPostprocessing = 0;
		};
		A006590E24E9513C0025B8F6 /* Sources */ = {
			isa = PBXSourcesBuildPhase;
			buildActionMask = 2147483647;
			files = (
				A006591724E9513C0025B8F6 /* testUITests.swift in Sources */,
			);
			runOnlyForDeploymentPostprocessing = 0;
		};
/* End PBXSourcesBuildPhase section */

/* Begin PBXTargetDependency section */
		A006590924E9513C0025B8F6 /* PBXTargetDependency */ = {
			isa = PBXTargetDependency;
			target = A00658F024E9513C0025B8F6 /* test */;
			targetProxy = A006590824E9513C0025B8F6 /* PBXContainerItemProxy */;
		};
		A006591424E9513C0025B8F6 /* PBXTargetDependency */ = {
			isa = PBXTargetDependency;
			target = A00658F024E9513C0025B8F6 /* test */;
			targetProxy = A006591324E9513C0025B8F6 /* PBXContainerItemProxy */;
		};
/* End PBXTargetDependency section */

/* Begin PBXVariantGroup section */
		A00658FA24E9513C0025B8F6 /* Main.storyboard */ = {
			isa = PBXVariantGroup;
			children = (
				A00658FB24E9513C0025B8F6 /* Base */,
			);
			name = Main.storyboard;
			sourceTree = "<group>";
		};
		A00658FF24E9513C0025B8F6 /* LaunchScreen.storyboard */ = {
			isa = PBXVariantGroup;
			children = (
				A006590024E9513C0025B8F6 /* Base */,
			);
			name = LaunchScreen.storyboard;
			sourceTree = "<group>";
		};
/* End PBXVariantGroup section */

/* Begin XCBuildConfiguration section */
		A006591924E9513C0025B8F6 /* Debug */ = {
			isa = XCBuildConfiguration;
			buildSettings = {
				ALWAYS_SEARCH_USER_PATHS = NO;
				CLANG_ANALYZER_NONNULL = YES;
				CLANG_ANALYZER_NUMBER_OBJECT_CONVERSION = YES_AGGRESSIVE;
				CLANG_CXX_LANGUAGE_STANDARD = "gnu++14";
				CLANG_CXX_LIBRARY = "libc++";
				CLANG_ENABLE_MODULES = YES;
				CLANG_ENABLE_OBJC_ARC = YES;
				CLANG_ENABLE_OBJC_WEAK = YES;
				CLANG_WARN_BLOCK_CAPTURE_AUTORELEASING = YES;
				CLANG_WARN_BOOL_CONVERSION = YES;
				CLANG_WARN_COMMA = YES;
				CLANG_WARN_CONSTANT_CONVERSION = YES;
				CLANG_WARN_DEPRECATED_OBJC_IMPLEMENTATIONS = YES;
				CLANG_WARN_DIRECT_OBJC_ISA_USAGE = YES_ERROR;
				CLANG_WARN_DOCUMENTATION_COMMENTS = YES;
				CLANG_WARN_EMPTY_BODY = YES;
				CLANG_WARN_ENUM_CONVERSION = YES;
				CLANG_WARN_INFINITE_RECURSION = YES;
				CLANG_WARN_INT_CONVERSION = YES;
				CLANG_WARN_NON_LITERAL_NULL_CONVERSION = YES;
				CLANG_WARN_OBJC_IMPLICIT_RETAIN_SELF = YES;
				CLANG_WARN_OBJC_LITERAL_CONVERSION = YES;
				CLANG_WARN_OBJC_ROOT_CLASS = YES_ERROR;
				CLANG_WARN_RANGE_LOOP_ANALYSIS = YES;
				CLANG_WARN_STRICT_PROTOTYPES = YES;
				CLANG_WARN_SUSPICIOUS_MOVE = YES;
				CLANG_WARN_UNGUARDED_AVAILABILITY = YES_AGGRESSIVE;
				CLANG_WARN_UNREACHABLE_CODE = YES;
				CLANG_WARN__DUPLICATE_METHOD_MATCH = YES;
				COPY_PHASE_STRIP = NO;
				DEBUG_INFORMATION_FORMAT = dwarf;
				ENABLE_STRICT_OBJC_MSGSEND = YES;
				ENABLE_TESTABILITY = YES;
				GCC_C_LANGUAGE_STANDARD = gnu11;
				GCC_DYNAMIC_NO_PIC = NO;
				GCC_NO_COMMON_BLOCKS = YES;
				GCC_OPTIMIZATION_LEVEL = 0;
				GCC_PREPROCESSOR_DEFINITIONS = (
					"DEBUG=1",
					"$(inherited)",
				);
				GCC_WARN_64_TO_32_BIT_CONVERSION = YES;
				GCC_WARN_ABOUT_RETURN_TYPE = YES_ERROR;
				GCC_WARN_UNDECLARED_SELECTOR = YES;
				GCC_WARN_UNINITIALIZED_AUTOS = YES_AGGRESSIVE;
				GCC_WARN_UNUSED_FUNCTION = YES;
				GCC_WARN_UNUSED_VARIABLE = YES;
				IPHONEOS_DEPLOYMENT_TARGET = 13.6;
				MTL_ENABLE_DEBUG_INFO = INCLUDE_SOURCE;
				MTL_FAST_MATH = YES;
				ONLY_ACTIVE_ARCH = YES;
				SDKROOT = iphoneos;
				SWIFT_ACTIVE_COMPILATION_CONDITIONS = DEBUG;
				SWIFT_OPTIMIZATION_LEVEL = "-Onone";
			};
			name = Debug;
		};
		A006591A24E9513C0025B8F6 /* Release */ = {
			isa = XCBuildConfiguration;
			buildSettings = {
				ALWAYS_SEARCH_USER_PATHS = NO;
				CLANG_ANALYZER_NONNULL = YES;
				CLANG_ANALYZER_NUMBER_OBJECT_CONVERSION = YES_AGGRESSIVE;
				CLANG_CXX_LANGUAGE_STANDARD = "gnu++14";
				CLANG_CXX_LIBRARY = "libc++";
				CLANG_ENABLE_MODULES = YES;
				CLANG_ENABLE_OBJC_ARC = YES;
				CLANG_ENABLE_OBJC_WEAK = YES;
				CLANG_WARN_BLOCK_CAPTURE_AUTORELEASING = YES;
				CLANG_WARN_BOOL_CONVERSION = YES;
				CLANG_WARN_COMMA = YES;
				CLANG_WARN_CONSTANT_CONVERSION = YES;
				CLANG_WARN_DEPRECATED_OBJC_IMPLEMENTATIONS = YES;
				CLANG_WARN_DIRECT_OBJC_ISA_USAGE = YES_ERROR;
				CLANG_WARN_DOCUMENTATION_COMMENTS = YES;
				CLANG_WARN_EMPTY_BODY = YES;
				CLANG_WARN_ENUM_CONVERSION = YES;
				CLANG_WARN_INFINITE_RECURSION = YES;
				CLANG_WARN_INT_CONVERSION = YES;
				CLANG_WARN_NON_LITERAL_NULL_CONVERSION = YES;
				CLANG_WARN_OBJC_IMPLICIT_RETAIN_SELF = YES;
				CLANG_WARN_OBJC_LITERAL_CONVERSION = YES;
				CLANG_WARN_OBJC_ROOT_CLASS = YES_ERROR;
				CLANG_WARN_RANGE_LOOP_ANALYSIS = YES;
				CLANG_WARN_STRICT_PROTOTYPES = YES;
				CLANG_WARN_SUSPICIOUS_MOVE = YES;
				CLANG_WARN_UNGUARDED_AVAILABILITY = YES_AGGRESSIVE;
				CLANG_WARN_UNREACHABLE_CODE = YES;
				CLANG_WARN__DUPLICATE_METHOD_MATCH = YES;
				COPY_PHASE_STRIP = NO;
				DEBUG_INFORMATION_FORMAT = "dwarf-with-dsym";
				ENABLE_NS_ASSERTIONS = NO;
				ENABLE_STRICT_OBJC_MSGSEND = YES;
				GCC_C_LANGUAGE_STANDARD = gnu11;
				GCC_NO_COMMON_BLOCKS = YES;
				GCC_WARN_64_TO_32_BIT_CONVERSION = YES;
				GCC_WARN_ABOUT_RETURN_TYPE = YES_ERROR;
				GCC_WARN_UNDECLARED_SELECTOR = YES;
				GCC_WARN_UNINITIALIZED_AUTOS = YES_AGGRESSIVE;
				GCC_WARN_UNUSED_FUNCTION = YES;
				GCC_WARN_UNUSED_VARIABLE = YES;
				IPHONEOS_DEPLOYMENT_TARGET = 13.6;
				MTL_ENABLE_DEBUG_INFO = NO;
				MTL_FAST_MATH = YES;
				SDKROOT = iphoneos;
				SWIFT_COMPILATION_MODE = wholemodule;
				SWIFT_OPTIMIZATION_LEVEL = "-O";
				VALIDATE_PRODUCT = YES;
			};
			name = Release;
		};
		A006591C24E9513C0025B8F6 /* Debug */ = {
			isa = XCBuildConfiguration;
			buildSettings = {
				ASSETCATALOG_COMPILER_APPICON_NAME = AppIcon;
				CODE_SIGN_STYLE = Automatic;
				DEVELOPMENT_TEAM = 9LG5NUS76J;
				INFOPLIST_FILE = test/Info.plist;
				LD_RUNPATH_SEARCH_PATHS = (
					"$(inherited)",
					"@executable_path/Frameworks",
				);
				PRODUCT_BUNDLE_IDENTIFIER = Shatvor.test;
				PRODUCT_NAME = "$(TARGET_NAME)";
				SWIFT_VERSION = 5.0;
				TARGETED_DEVICE_FAMILY = "1,2";
			};
			name = Debug;
		};
		A006591D24E9513C0025B8F6 /* Release */ = {
			isa = XCBuildConfiguration;
			buildSettings = {
				ASSETCATALOG_COMPILER_APPICON_NAME = AppIcon;
				CODE_SIGN_STYLE = Automatic;
				DEVELOPMENT_TEAM = 9LG5NUS76J;
				INFOPLIST_FILE = test/Info.plist;
				LD_RUNPATH_SEARCH_PATHS = (
					"$(inherited)",
					"@executable_path/Frameworks",
				);
				PRODUCT_BUNDLE_IDENTIFIER = Shatvor.test;
				PRODUCT_NAME = "$(TARGET_NAME)";
				SWIFT_VERSION = 5.0;
				TARGETED_DEVICE_FAMILY = "1,2";
			};
			name = Release;
		};
		A006591F24E9513C0025B8F6 /* Debug */ = {
			isa = XCBuildConfiguration;
			buildSettings = {
				ALWAYS_EMBED_SWIFT_STANDARD_LIBRARIES = YES;
				BUNDLE_LOADER = "$(TEST_HOST)";
				CODE_SIGN_STYLE = Automatic;
				DEVELOPMENT_TEAM = 9LG5NUS76J;
				INFOPLIST_FILE = testTests/Info.plist;
				IPHONEOS_DEPLOYMENT_TARGET = 13.6;
				LD_RUNPATH_SEARCH_PATHS = (
					"$(inherited)",
					"@executable_path/Frameworks",
					"@loader_path/Frameworks",
				);
				PRODUCT_BUNDLE_IDENTIFIER = Shatvor.testTests;
				PRODUCT_NAME = "$(TARGET_NAME)";
				SWIFT_VERSION = 5.0;
				TARGETED_DEVICE_FAMILY = "1,2";
				TEST_HOST = "$(BUILT_PRODUCTS_DIR)/test.app/test";
			};
			name = Debug;
		};
		A006592024E9513C0025B8F6 /* Release */ = {
			isa = XCBuildConfiguration;
			buildSettings = {
				ALWAYS_EMBED_SWIFT_STANDARD_LIBRARIES = YES;
				BUNDLE_LOADER = "$(TEST_HOST)";
				CODE_SIGN_STYLE = Automatic;
				DEVELOPMENT_TEAM = 9LG5NUS76J;
				INFOPLIST_FILE = testTests/Info.plist;
				IPHONEOS_DEPLOYMENT_TARGET = 13.6;
				LD_RUNPATH_SEARCH_PATHS = (
					"$(inherited)",
					"@executable_path/Frameworks",
					"@loader_path/Frameworks",
				);
				PRODUCT_BUNDLE_IDENTIFIER = Shatvor.testTests;
				PRODUCT_NAME = "$(TARGET_NAME)";
				SWIFT_VERSION = 5.0;
				TARGETED_DEVICE_FAMILY = "1,2";
				TEST_HOST = "$(BUILT_PRODUCTS_DIR)/test.app/test";
			};
			name = Release;
		};
		A006592224E9513C0025B8F6 /* Debug */ = {
			isa = XCBuildConfiguration;
			buildSettings = {
				ALWAYS_EMBED_SWIFT_STANDARD_LIBRARIES = YES;
				CODE_SIGN_STYLE = Automatic;
				DEVELOPMENT_TEAM = 9LG5NUS76J;
				INFOPLIST_FILE = testUITests/Info.plist;
				LD_RUNPATH_SEARCH_PATHS = (
					"$(inherited)",
					"@executable_path/Frameworks",
					"@loader_path/Frameworks",
				);
				PRODUCT_BUNDLE_IDENTIFIER = Shatvor.testUITests;
				PRODUCT_NAME = "$(TARGET_NAME)";
				SWIFT_VERSION = 5.0;
				TARGETED_DEVICE_FAMILY = "1,2";
				TEST_TARGET_NAME = test;
			};
			name = Debug;
		};
		A006592324E9513C0025B8F6 /* Release */ = {
			isa = XCBuildConfiguration;
			buildSettings = {
				ALWAYS_EMBED_SWIFT_STANDARD_LIBRARIES = YES;
				CODE_SIGN_STYLE = Automatic;
				DEVELOPMENT_TEAM = 9LG5NUS76J;
				INFOPLIST_FILE = testUITests/Info.plist;
				LD_RUNPATH_SEARCH_PATHS = (
					"$(inherited)",
					"@executable_path/Frameworks",
					"@loader_path/Frameworks",
				);
				PRODUCT_BUNDLE_IDENTIFIER = Shatvor.testUITests;
				PRODUCT_NAME = "$(TARGET_NAME)";
				SWIFT_VERSION = 5.0;
				TARGETED_DEVICE_FAMILY = "1,2";
				TEST_TARGET_NAME = test;
			};
			name = Release;
		};
/* End XCBuildConfiguration section */

/* Begin XCConfigurationList section */
		A00658EC24E9513C0025B8F6 /* Build configuration list for PBXProject "test" */ = {
			isa = XCConfigurationList;
			buildConfigurations = (
				A006591924E9513C0025B8F6 /* Debug */,
				A006591A24E9513C0025B8F6 /* Release */,
			);
			defaultConfigurationIsVisible = 0;
			defaultConfigurationName = Release;
		};
		A006591B24E9513C0025B8F6 /* Build configuration list for PBXNativeTarget "test" */ = {
			isa = XCConfigurationList;
			buildConfigurations = (
				A006591C24E9513C0025B8F6 /* Debug */,
				A006591D24E9513C0025B8F6 /* Release */,
			);
			defaultConfigurationIsVisible = 0;
			defaultConfigurationName = Release;
		};
		A006591E24E9513C0025B8F6 /* Build configuration list for PBXNativeTarget "testTests" */ = {
			isa = XCConfigurationList;
			buildConfigurations = (
				A006591F24E9513C0025B8F6 /* Debug */,
				A006592024E9513C0025B8F6 /* Release */,
			);
			defaultConfigurationIsVisible = 0;
			defaultConfigurationName = Release;
		};
		A006592124E9513C0025B8F6 /* Build configuration list for PBXNativeTarget "testUITests" */ = {
			isa = XCConfigurationList;
			buildConfigurations = (
				A006592224E9513C0025B8F6 /* Debug */,
				A006592324E9513C0025B8F6 /* Release */,
			);
			defaultConfigurationIsVisible = 0;
			defaultConfigurationName = Release;
		};
/* End XCConfigurationList section */
	};
	rootObject = A00658E924E9513C0025B8F6 /* Project object */;
}
